
Microsoft Visual Studio Solution File, Format Version 11.00
# Visual Studio 2010
Project("{FAE04EC0-301F-11D3-BF4B-00C04F79EFBC}") = "Assembly-CSharp", "Assembly-CSharp.csproj", "{31C71171-ECC4-5876-24E9-BF1D5819F16A}"
EndProject
Project("{FAE04EC0-301F-11D3-BF4B-00C04F79EFBC}") = "Assembly-CSharp-Editor", "Assembly-CSharp-Editor.csproj", "{81D52C45-FE4C-8BCA-B879-892244140D80}"
EndProject
Global
	GlobalSection(SolutionConfigurationPlatforms) = preSolution
		Debug|Any CPU = Debug|Any CPU
		Release|Any CPU = Release|Any CPU
	EndGlobalSection
	GlobalSection(ProjectConfigurationPlatforms) = postSolution
		{31C71171-ECC4-5876-24E9-BF1D5819F16A}.Debug|Any CPU.ActiveCfg = Debug|Any CPU
		{31C71171-ECC4-5876-24E9-BF1D5819F16A}.Debug|Any CPU.Build.0 = Debug|Any CPU
		{31C71171-ECC4-5876-24E9-BF1D5819F16A}.Release|Any CPU.ActiveCfg = Release|Any CPU
		{31C71171-ECC4-5876-24E9-BF1D5819F16A}.Release|Any CPU.Build.0 = Release|Any CPU
		{81D52C45-FE4C-8BCA-B879-892244140D80}.Debug|Any CPU.ActiveCfg = Debug|Any CPU
		{81D52C45-FE4C-8BCA-B879-892244140D80}.Debug|Any CPU.Build.0 = Debug|Any CPU
		{81D52C45-FE4C-8BCA-B879-892244140D80}.Release|Any CPU.ActiveCfg = Release|Any CPU
		{81D52C45-FE4C-8BCA-B879-892244140D80}.Release|Any CPU.Build.0 = Release|Any CPU
	EndGlobalSection
	GlobalSection(SolutionProperties) = preSolution
		HideSolutionNode = FALSE
	EndGlobalSection
EndGlobal
